dependencies:
- name: postgresql
  repository: oci://ghcr.io/helmforgedev/helm
  version: 1.5.2
- name: mysql
  repository: oci://ghcr.io/helmforgedev/helm
  version: 1.4.1
- name: redis
  repository: oci://ghcr.io/helmforgedev/helm
  version: 1.5.2
digest: sha256:1011ebbd5de19e5ee7f623e5000ef079189bcdfebfd814fcdb2c60edd64dbaae
generated: "2026-04-01T09:02:39.1936762-03:00"
