dependencies:
- name: postgresql
  repository: oci://ghcr.io/helmforgedev/helm
  version: 1.8.3
- name: zookeeper
  repository: oci://registry-1.docker.io/bitnamicharts
  version: 13.8.7
digest: sha256:43880dcf7950c427690c460ba47655fffc5e6d49831ab688145c6393d5a5bccf
generated: "2026-04-01T21:03:16.0079409-03:00"
