dependencies:
- name: postgresql
  repository: oci://ghcr.io/helmforgedev/helm
  version: 1.8.2
- name: redis
  repository: oci://ghcr.io/helmforgedev/helm
  version: 1.5.3
digest: sha256:f2ecff13c4e28f73f395cb457a45c1649fa79c31819bda1d2c35d07e6d4cf0ad
generated: "2026-04-01T16:29:11.0797922-03:00"
