dependencies:
- name: postgresql
  repository: oci://ghcr.io/helmforgedev/helm
  version: 1.8.4
- name: redis
  repository: oci://ghcr.io/helmforgedev/helm
  version: 1.5.5
digest: sha256:ab948ba00ffb21671dc14c2506bdeb90cffbb799ec3c5e30e37d2440ecc06efc
generated: "2026-04-03T02:46:37.7367482-03:00"
