dependencies:
- name: postgresql
  repository: oci://ghcr.io/helmforgedev/helm
  version: 1.9.11
- name: mysql
  repository: oci://ghcr.io/helmforgedev/helm
  version: 1.8.5
digest: sha256:09bc7509b3ebe455bb1651e160c72df3c47cbfbff5f321103fbcd0c12c8045bd
generated: "2026-04-29T04:19:34.7550243-03:00"
