dependencies:
- name: postgresql
  repository: oci://ghcr.io/helmforgedev/helm
  version: 1.8.1
- name: mysql
  repository: oci://ghcr.io/helmforgedev/helm
  version: 1.7.1
digest: sha256:d94183dfbee1c25301bf105f76ceafb872e3e3a678c780f1e1aef8272d8b98e0
generated: "2026-04-01T09:04:33.6275703-03:00"
