dependencies:
- name: postgresql
  repository: oci://ghcr.io/helmforgedev/helm
  version: 1.5.2
- name: redis
  repository: oci://ghcr.io/helmforgedev/helm
  version: 1.2.1
digest: sha256:680aaeabd891ff37cb7b9928a9c838aeb5468d0013e8b7b45605787d6b8fdc4b
generated: "2026-03-31T21:52:28.7124199-03:00"
