dependencies:
- name: postgresql
  repository: oci://ghcr.io/helmforgedev/helm
  version: 1.9.11
- name: redis
  repository: oci://ghcr.io/helmforgedev/helm
  version: 1.6.9
digest: sha256:9e1865ee4ab8182a1d3fb04c2b45db3ee7b1d5253fb8132bef8764654c129e18
generated: "2026-04-29T04:55:37.0583384-03:00"
