dependencies:
- name: postgresql
  repository: oci://ghcr.io/helmforgedev/helm
  version: 1.9.13
- name: mysql
  repository: oci://ghcr.io/helmforgedev/helm
  version: 1.8.7
digest: sha256:22734ff1510c7f19765692a117dfb7ef7ab23ba9e4bb65a8302b223d000b3744
generated: "2026-04-28T18:45:27.6275749-03:00"
