dependencies:
- name: postgresql
  repository: oci://ghcr.io/helmforgedev/helm
  version: 1.8.3
- name: redis
  repository: oci://ghcr.io/helmforgedev/helm
  version: 1.5.4
digest: sha256:e2bad04b59832ae470409f9027d956c7577d838715e63db37864b9e30ddbac2e
generated: "2026-04-01T20:18:02.5974104-03:00"
