dependencies:
- name: postgresql
  repository: oci://ghcr.io/helmforgedev/helm
  version: 1.8.1
- name: mysql
  repository: oci://ghcr.io/helmforgedev/helm
  version: 1.7.1
- name: redis
  repository: oci://ghcr.io/helmforgedev/helm
  version: 1.5.2
digest: sha256:a4dd16ac1de265b6cb7ac91008d9f6eefc6c6cb16b87d99523d9b88883d6d338
generated: "2026-04-01T09:04:53.9123683-03:00"
