dependencies:
- name: postgresql
  repository: oci://ghcr.io/helmforgedev/helm
  version: 1.9.11
- name: mysql
  repository: oci://ghcr.io/helmforgedev/helm
  version: 1.8.5
- name: redis
  repository: oci://ghcr.io/helmforgedev/helm
  version: 1.6.9
digest: sha256:5df6634dc6035684950ab1706560ecd733b679582287509e2ec35e389da5bac4
generated: "2026-04-29T02:54:00.8330235-03:00"
