# SPDX-License-Identifier: Apache-2.0
gatewayAPI:
  version: v1.6.1
  channel: experimental
  source: https://github.com/kubernetes-sigs/gateway-api/releases/tag/v1.6.1
  vendoredFile: charts/gateway-api-crds/crds/gatewayapi-crds.yaml
  preOverlaySha256: 8705f9f469a54a78133e6ddbbc14c0fc4729984c4e7693c6a2405ffaf68ea1a2
envoyGateway:
  version: v1.9.0
  source: https://github.com/envoyproxy/gateway/releases/tag/v1.9.0
  sourceDirectory: charts/envoy-gateway-extension-crds/crds
  preOverlaySha256:
    gateway.envoyproxy.io_backends.yaml: aebcb155725c293865754da12d44423c79ddf97e12f87a622f81ffc7923a19b7
    gateway.envoyproxy.io_backendtrafficpolicies.yaml: 4cdeee51215b19107c4e7e7371222d3c09533a5e06560b4d731b183fca89130d
    gateway.envoyproxy.io_clienttrafficpolicies.yaml: 57981e2dc7d4e82b2a5aeec8e09826e9d5c36cc341ec5c8c5b11b2c23d7d81fa
    gateway.envoyproxy.io_envoyextensionpolicies.yaml: f11bcafdeefc19735f126df8594fd51223dbeb45c9498d81cf1d68c7d5b61488
    gateway.envoyproxy.io_envoypatchpolicies.yaml: 177509571ba1468c34476cddb6779d0fe02460c15153e2651d91d74677b87ff7
    gateway.envoyproxy.io_envoyproxies.yaml: 75c1582c2f6f41dd5bf54536a56d73ddb1421b9d8b1954457838edd51eeee414
    gateway.envoyproxy.io_httproutefilters.yaml: c451a31fe5d5235af885f9d3861214a2356555548b52bc8fec65fcc3c6b69f1b
    gateway.envoyproxy.io_securitypolicies.yaml: 3d7cdc172cfef18fa288642da23f04c5f09266618e837a7afa095cb227b80d80
metadataOverlay:
  envoyGateway:
    - helmforge.dev/bundle-name
    - helmforge.dev/bundle-version
    - helmforge.dev/source-sha256
