dependencies:
- name: postgresql
  repository: oci://ghcr.io/helmforgedev/helm
  version: 1.8.1
- name: redis
  repository: oci://ghcr.io/helmforgedev/helm
  version: 1.5.2
digest: sha256:7de5e97c1d37c08509210bebff2dfbd987abc5c7418a65d24725575d6d6d3aa4
generated: "2026-04-01T09:03:40.5848304-03:00"
